
Microsoft Visual Studio Solution File, Format Version 12.00
# Visual Studio Version 17
VisualStudioVersion = 17.4.33122.133
MinimumVisualStudioVersion = 10.0.40219.1
Project("{6EC3EE1D-3C4E-46DD-8F32-0CC8E7565705}") = "FsRope", "FsRope.fsproj", "{7C8E5CD5-D83A-49DC-9F3E-FED0B7C8164E}"
EndProject
Global
	GlobalSection(SolutionConfigurationPlatforms) = preSolution
		Debug|Any CPU = Debug|Any CPU
		Release|Any CPU = Release|Any CPU
	EndGlobalSection
	GlobalSection(ProjectConfigurationPlatforms) = postSolution
		{7C8E5CD5-D83A-49DC-9F3E-FED0B7C8164E}.Debug|Any CPU.ActiveCfg = Debug|Any CPU
		{7C8E5CD5-D83A-49DC-9F3E-FED0B7C8164E}.Debug|Any CPU.Build.0 = Debug|Any CPU
		{7C8E5CD5-D83A-49DC-9F3E-FED0B7C8164E}.Release|Any CPU.ActiveCfg = Release|Any CPU
		{7C8E5CD5-D83A-49DC-9F3E-FED0B7C8164E}.Release|Any CPU.Build.0 = Release|Any CPU
	EndGlobalSection
	GlobalSection(SolutionProperties) = preSolution
		HideSolutionNode = FALSE
	EndGlobalSection
	GlobalSection(ExtensibilityGlobals) = postSolution
		SolutionGuid = {70BC166A-729B-4584-880D-BF8F292B2812}
	EndGlobalSection
EndGlobal
